15295647872800790345
zlib 1e1dfdedddb54a2e2cb8fec3b67f925233c495aa
protobuf e4d1f574ea9793308da9a942b4d5c1d4628aaed6
OSM-binary 1c1a121bb35658df29a2932e53d15fb3999a3196
benchmark 94dc64692fa7e1feb361f5b6b3277fc982953afd
boost ad6cbb38470efd74265715e0972cb5ae44527fb1
cpp-statsd-client b60bc7bb930df664b4ab9573ad8bee80d29dc72d
cxxopts 120205ac5a61d7e715f184fce0328ac5eb3d6712
res 7d97784ba785ce8a2677ea77164040fde484fb04
date 38d0b684c7fc3796b2c7f887c7dde8d6493b062f
dirent 0d9aed5c26b572c0eb24c9e4da54159891441279
googletest 34a46558609e05865c197f0260ab36daa7cbbb6e
just_gtfs 94b35eea71c09aefccf994c28ee7d373de4460e6
libosmium bc09725a4636d5036bfed30de2db0764cdff2de9
lz4 c4765545ebb14b0a56c663e21923166923f8280e
microtar c71afe40887ae1a187ec24cedd85c765058d9978
protozero 8c9f3fa97c2cfdceef86d0b61818ae98e9328f29
rapidjson 9ece673b648b19d0f1995b82d402c9a6fc0eb277
robin-hood-hashing bd632059ea0bb5cf444b33bdfb4eba2118300c62
